
Microsoft Visual Studio Solution File, Format Version 12.00
# Visual Studio 15
VisualStudioVersion = 15.0.26430.15
MinimumVisualStudioVersion = 10.0.40219.1
Project("{F2A71F9B-5D33-465A-A702-920D77279786}") = "ES.MealyObfuscator", "ES.MealyObfuscator\ES.MealyObfuscator.fsproj", "{C1C56263-31AF-41B7-986F-3541740E66D7}"
EndProject
Project("{2150E333-8FDC-42A3-9474-1A3956D46DE8}") = "Solution Items", "Solution Items", "{39845044-22F8-42C9-A455-F21F01910A56}"
	ProjectSection(SolutionItems) = preProject
		build.bat = build.bat
		build.fsx = build.fsx
		paket.dependencies = paket.dependencies
	EndProjectSection
EndProject
Project("{F2A71F9B-5D33-465A-A702-920D77279786}") = "MealyObfuscatorTest", "MealyObfuscatorTest\MealyObfuscatorTest.fsproj", "{A411FD8F-FDFF-407D-AFD9-DF39B6BC363B}"
EndProject
Project("{2150E333-8FDC-42A3-9474-1A3956D46DE8}") = "Tests", "Tests", "{13505052-A336-437D-B38B-0842A756FDBE}"
EndProject
Project("{8BC9CEB8-8B4A-11D0-8D11-00A0C91BC942}") = "MealyDeObfuscator", "MealyDeObfuscator\MealyDeObfuscator.vcxproj", "{DF88A007-1733-4E52-BCEA-7F1F728DC5F9}"
EndProject
Project("{F2A71F9B-5D33-465A-A702-920D77279786}") = "StringObfuscator", "StringObfuscator\StringObfuscator.fsproj", "{C46FD2BC-A77F-41ED-B679-7998F458C07E}"
EndProject
Global
	GlobalSection(SolutionConfigurationPlatforms) = preSolution
		Debug|Any CPU = Debug|Any CPU
		Debug|x64 = Debug|x64
		Debug|x86 = Debug|x86
		Release|Any CPU = Release|Any CPU
		Release|x64 = Release|x64
		Release|x86 = Release|x86
	EndGlobalSection
	GlobalSection(ProjectConfigurationPlatforms) = postSolution
		{C1C56263-31AF-41B7-986F-3541740E66D7}.Debug|Any CPU.ActiveCfg = Debug|Any CPU
		{C1C56263-31AF-41B7-986F-3541740E66D7}.Debug|Any CPU.Build.0 = Debug|Any CPU
		{C1C56263-31AF-41B7-986F-3541740E66D7}.Debug|x64.ActiveCfg = Debug|Any CPU
		{C1C56263-31AF-41B7-986F-3541740E66D7}.Debug|x64.Build.0 = Debug|Any CPU
		{C1C56263-31AF-41B7-986F-3541740E66D7}.Debug|x86.ActiveCfg = Debug|Any CPU
		{C1C56263-31AF-41B7-986F-3541740E66D7}.Debug|x86.Build.0 = Debug|Any CPU
		{C1C56263-31AF-41B7-986F-3541740E66D7}.Release|Any CPU.ActiveCfg = Release|Any CPU
		{C1C56263-31AF-41B7-986F-3541740E66D7}.Release|Any CPU.Build.0 = Release|Any CPU
		{C1C56263-31AF-41B7-986F-3541740E66D7}.Release|x64.ActiveCfg = Release|Any CPU
		{C1C56263-31AF-41B7-986F-3541740E66D7}.Release|x64.Build.0 = Release|Any CPU
		{C1C56263-31AF-41B7-986F-3541740E66D7}.Release|x86.ActiveCfg = Release|Any CPU
		{C1C56263-31AF-41B7-986F-3541740E66D7}.Release|x86.Build.0 = Release|Any CPU
		{A411FD8F-FDFF-407D-AFD9-DF39B6BC363B}.Debug|Any CPU.ActiveCfg = Debug|Any CPU
		{A411FD8F-FDFF-407D-AFD9-DF39B6BC363B}.Debug|Any CPU.Build.0 = Debug|Any CPU
		{A411FD8F-FDFF-407D-AFD9-DF39B6BC363B}.Debug|x64.ActiveCfg = Debug|Any CPU
		{A411FD8F-FDFF-407D-AFD9-DF39B6BC363B}.Debug|x64.Build.0 = Debug|Any CPU
		{A411FD8F-FDFF-407D-AFD9-DF39B6BC363B}.Debug|x86.ActiveCfg = Debug|Any CPU
		{A411FD8F-FDFF-407D-AFD9-DF39B6BC363B}.Debug|x86.Build.0 = Debug|Any CPU
		{A411FD8F-FDFF-407D-AFD9-DF39B6BC363B}.Release|Any CPU.ActiveCfg = Release|Any CPU
		{A411FD8F-FDFF-407D-AFD9-DF39B6BC363B}.Release|Any CPU.Build.0 = Release|Any CPU
		{A411FD8F-FDFF-407D-AFD9-DF39B6BC363B}.Release|x64.ActiveCfg = Release|Any CPU
		{A411FD8F-FDFF-407D-AFD9-DF39B6BC363B}.Release|x64.Build.0 = Release|Any CPU
		{A411FD8F-FDFF-407D-AFD9-DF39B6BC363B}.Release|x86.ActiveCfg = Release|Any CPU
		{A411FD8F-FDFF-407D-AFD9-DF39B6BC363B}.Release|x86.Build.0 = Release|Any CPU
		{DF88A007-1733-4E52-BCEA-7F1F728DC5F9}.Debug|Any CPU.ActiveCfg = Debug|Win32
		{DF88A007-1733-4E52-BCEA-7F1F728DC5F9}.Debug|Any CPU.Build.0 = Debug|Win32
		{DF88A007-1733-4E52-BCEA-7F1F728DC5F9}.Debug|x64.ActiveCfg = Debug|x64
		{DF88A007-1733-4E52-BCEA-7F1F728DC5F9}.Debug|x64.Build.0 = Debug|x64
		{DF88A007-1733-4E52-BCEA-7F1F728DC5F9}.Debug|x86.ActiveCfg = Debug|Win32
		{DF88A007-1733-4E52-BCEA-7F1F728DC5F9}.Debug|x86.Build.0 = Debug|Win32
		{DF88A007-1733-4E52-BCEA-7F1F728DC5F9}.Release|Any CPU.ActiveCfg = Release|Win32
		{DF88A007-1733-4E52-BCEA-7F1F728DC5F9}.Release|Any CPU.Build.0 = Release|Win32
		{DF88A007-1733-4E52-BCEA-7F1F728DC5F9}.Release|x64.ActiveCfg = Release|x64
		{DF88A007-1733-4E52-BCEA-7F1F728DC5F9}.Release|x64.Build.0 = Release|x64
		{DF88A007-1733-4E52-BCEA-7F1F728DC5F9}.Release|x86.ActiveCfg = Release|Win32
		{DF88A007-1733-4E52-BCEA-7F1F728DC5F9}.Release|x86.Build.0 = Release|Win32
		{C46FD2BC-A77F-41ED-B679-7998F458C07E}.Debug|Any CPU.ActiveCfg = Debug|Any CPU
		{C46FD2BC-A77F-41ED-B679-7998F458C07E}.Debug|Any CPU.Build.0 = Debug|Any CPU
		{C46FD2BC-A77F-41ED-B679-7998F458C07E}.Debug|x64.ActiveCfg = Debug|Any CPU
		{C46FD2BC-A77F-41ED-B679-7998F458C07E}.Debug|x64.Build.0 = Debug|Any CPU
		{C46FD2BC-A77F-41ED-B679-7998F458C07E}.Debug|x86.ActiveCfg = Debug|Any CPU
		{C46FD2BC-A77F-41ED-B679-7998F458C07E}.Debug|x86.Build.0 = Debug|Any CPU
		{C46FD2BC-A77F-41ED-B679-7998F458C07E}.Release|Any CPU.ActiveCfg = Release|Any CPU
		{C46FD2BC-A77F-41ED-B679-7998F458C07E}.Release|Any CPU.Build.0 = Release|Any CPU
		{C46FD2BC-A77F-41ED-B679-7998F458C07E}.Release|x64.ActiveCfg = Release|Any CPU
		{C46FD2BC-A77F-41ED-B679-7998F458C07E}.Release|x64.Build.0 = Release|Any CPU
		{C46FD2BC-A77F-41ED-B679-7998F458C07E}.Release|x86.ActiveCfg = Release|Any CPU
		{C46FD2BC-A77F-41ED-B679-7998F458C07E}.Release|x86.Build.0 = Release|Any CPU
	EndGlobalSection
	GlobalSection(SolutionProperties) = preSolution
		HideSolutionNode = FALSE
	EndGlobalSection
	GlobalSection(NestedProjects) = preSolution
		{A411FD8F-FDFF-407D-AFD9-DF39B6BC363B} = {13505052-A336-437D-B38B-0842A756FDBE}
		{DF88A007-1733-4E52-BCEA-7F1F728DC5F9} = {13505052-A336-437D-B38B-0842A756FDBE}
	EndGlobalSection
EndGlobal
